# This file was autogenerated by Stack.
# You should not edit this file by hand.
# For more information, please see the documentation at:
#   https://docs.haskellstack.org/en/stable/lock_files

packages:
- completed:
    hackage: NanoID-3.4.0.2@sha256:accf888de0892f56d7a0fab7e782746758a3dc75249e7e83addcb70ad85c6279,1651
    pantry-tree:
      sha256: c1c6f8b075c09aa1952a2c15697e594a3fca5c7308a44f9e50ae3634536bbc5b
      size: 364
  original:
    hackage: NanoID-3.4.0.2@sha256:accf888de0892f56d7a0fab7e782746758a3dc75249e7e83addcb70ad85c6279,1651
snapshots:
- completed:
    sha256: 08bd13ce621b41a8f5e51456b38d5b46d7783ce114a50ab604d6bbab0d002146
    size: 720271
    url: https://raw.githubusercontent.com/commercialhaskell/stackage-snapshots/master/lts/22/43.yaml
  original:
    url: https://raw.githubusercontent.com/commercialhaskell/stackage-snapshots/master/lts/22/43.yaml
